# This file is automatically @generated by Cargo.
# It is not intended for manual editing.
version = 4

[[package]]
name = "anyhow"
version = "1.0.104"
source = "registry+https://github.com/rust-lang/crates.io-index"
checksum = "330a5ed07fa54e4702c9d6c4174f74427fc0ef6e214bbd677ae50a5099946470"

[[package]]
name = "arbitrary"
version = "1.4.2"
source = "registry+https://github.com/rust-lang/crates.io-index"
checksum = "c3d036a3c4ab069c7b410a2ce876bd74808d2d0888a82667669f8e783a898bf1"
dependencies = [
 "derive_arbitrary",
]

[[package]]
name = "arena-traits"
version = "0.2.3"
source = "registry+https://github.com/rust-lang/crates.io-index"
checksum = "294252f426d5a6c175bcacfabf794c7e16790ccc7e0721eaddee0cc946323492"

[[package]]
name = "bitflags"
version = "2.13.1"
source = "registry+https://github.com/rust-lang/crates.io-index"
checksum = "b588b76d00fde79687d7646a9b5bdf3cc0f655e0bbd080335a95d7e96f3587da"

[[package]]
name = "block-buffer"
version = "0.10.4"
source = "registry+https://github.com/rust-lang/crates.io-index"
checksum = "3078c7629b62d3f0439517fa394996acacc5cbc91c5a20d8c658e77abd503a71"
dependencies = [
 "generic-array",
]

[[package]]
name = "cc"
version = "1.4.3"
source = "registry+https://github.com/rust-lang/crates.io-index"
checksum = "509591b7bcd67f4ef775afad7662703b4935daaa6ec0e5605cfb1090b32a2b6d"
dependencies = [
 "find-msvc-tools",
 "jobserver",
 "libc",
 "shlex",
]

[[package]]
name = "cfg-if"
version = "1.0.4"
source = "registry+https://github.com/rust-lang/crates.io-index"
checksum = "9330f8b2ff13f34540b44e946ef35111825727b38d33286ef986142615121801"

[[package]]
name = "cpufeatures"
version = "0.2.17"
source = "registry+https://github.com/rust-lang/crates.io-index"
checksum = "59ed5838eebb26a2bb2e58f6d5b5316989ae9d08bab10e0e6d103e656d1b0280"
dependencies = [
 "libc",
]

[[package]]
name = "crypto-common"
version = "0.1.7"
source = "registry+https://github.com/rust-lang/crates.io-index"
checksum = "78c8292055d1c1df0cce5d180393dc8cce0abec0a7102adb6c7b1eef6016d60a"
dependencies = [
 "generic-array",
 "typenum",
]

[[package]]
name = "derive_arbitrary"
version = "1.4.2"
source = "registry+https://github.com/rust-lang/crates.io-index"
checksum = "1e567bd82dcff979e4b03460c307b3cdc9e96fde3d73bed1496d2bc75d9dd62a"
dependencies = [
 "proc-macro2",
 "quote",
 "syn 2.0.119",
]

[[package]]
name = "digest"
version = "0.10.7"
source = "registry+https://github.com/rust-lang/crates.io-index"
checksum = "9ed9a281f7bc9b7576e61468ba615a66a5c8cfdff42420a70aa82701a3b1e292"
dependencies = [
 "block-buffer",
 "crypto-common",
]

[[package]]
name = "either"
version = "1.17.0"
source = "registry+https://github.com/rust-lang/crates.io-index"
checksum = "9e5e8f6c15a24b9a3ee5efec809ccd006d3b30e8b3bb63c39af737c7f87daa1d"
dependencies = [
 "serde",
]

[[package]]
name = "equivalent"
version = "1.0.2"
source = "registry+https://github.com/rust-lang/crates.io-index"
checksum = "877a4ace8713b0bcf2a4e7eec82529c029f1d0619886d18145fea96c3ffe5c0f"

[[package]]
name = "ext-trait"
version = "1.0.1"
source = "registry+https://github.com/rust-lang/crates.io-index"
checksum = "d772df1c1a777963712fb68e014235e80863d6a91a85c4e06ba2d16243a310e5"
dependencies = [
 "ext-trait-proc_macros",
]

[[package]]
name = "ext-trait-proc_macros"
version = "1.0.1"
source = "registry+https://github.com/rust-lang/crates.io-index"
checksum = "1ab7934152eaf26aa5aa9f7371408ad5af4c31357073c9e84c3b9d7f11ad639a"
dependencies = [
 "proc-macro2",
 "quote",
 "syn 1.0.109",
]

[[package]]
name = "extension-traits"
version = "1.0.1"
source = "registry+https://github.com/rust-lang/crates.io-index"
checksum = "a296e5a895621edf9fa8329c83aa1cb69a964643e36cf54d8d7a69b789089537"
dependencies = [
 "ext-trait",
]

[[package]]
name = "find-msvc-tools"
version = "0.1.11"
source = "registry+https://github.com/rust-lang/crates.io-index"
checksum = "d45db016d36b838f563236e9193d0ee6ce38f3f68b6c94e914b4929c96bbb890"

[[package]]
name = "foldhash"
version = "0.1.5"
source = "registry+https://github.com/rust-lang/crates.io-index"
checksum = "d9c4f5dac5e15c24eb999c26181a6ca40b39fe946cbe4c263c7209467bc83af2"

[[package]]
name = "generic-array"
version = "0.14.7"
source = "registry+https://github.com/rust-lang/crates.io-index"
checksum = "85649ca51fd72272d7821adaf274ad91c288277713d9c18820d8499a7ff69e9a"
dependencies = [
 "typenum",
 "version_check",
]

[[package]]
name = "getrandom"
version = "0.4.3"
source = "registry+https://github.com/rust-lang/crates.io-index"
checksum = "300e883d756b2e4ec94e02791f39b04b522276138852cfc41d9fb7e904106099"
dependencies = [
 "cfg-if",
 "libc",
 "r-efi",
]

[[package]]
name = "hashbrown"
version = "0.15.5"
source = "registry+https://github.com/rust-lang/crates.io-index"
checksum = "9229cfe53dfd69f0609a49f65461bd93001ea1ef889cd5529dd176593f5338a1"
dependencies = [
 "equivalent",
 "foldhash",
 "rustc-std-workspace-alloc",
 "serde",
]

[[package]]
name = "hashbrown"
version = "0.17.1"
source = "registry+https://github.com/rust-lang/crates.io-index"
checksum = "ed5909b6e89a2db4456e54cd5f673791d7eca6732202bbf2a9cc504fe2f9b84a"

[[package]]
name = "impl-trait-for-tuples"
version = "0.2.3"
source = "registry+https://github.com/rust-lang/crates.io-index"
checksum = "a0eb5a3343abf848c0984fe4604b2b105da9539376e24fc0a3b0007411ae4fd9"
dependencies = [
 "proc-macro2",
 "quote",
 "syn 2.0.119",
]

[[package]]
name = "indexmap"
version = "2.14.0"
source = "registry+https://github.com/rust-lang/crates.io-index"
checksum = "d466e9454f08e4a911e14806c24e16fba1b4c121d1ea474396f396069cf949d9"
dependencies = [
 "equivalent",
 "hashbrown 0.17.1",
]

[[package]]
name = "jobserver"
version = "0.1.35"
source = "registry+https://github.com/rust-lang/crates.io-index"
checksum = "1c00acbd29eabad4a2392fa0e921c874934dbbf4194312ad20f04a0ed67a3cb3"
dependencies = [
 "getrandom",
 "libc",
]

[[package]]
name = "keccak"
version = "0.1.6"
source = "registry+https://github.com/rust-lang/crates.io-index"
checksum = "cb26cec98cce3a3d96cbb7bced3c4b16e3d13f27ec56dbd62cbc8f39cfb9d653"
dependencies = [
 "cpufeatures",
]

[[package]]
name = "leb128fmt"
version = "0.1.0"
source = "registry+https://github.com/rust-lang/crates.io-index"
checksum = "09edd9e8b54e49e587e4f6295a7d29c3ea94d469cb40ab8ca70b288248a81db2"

[[package]]
name = "lending-iterator"
version = "0.1.7"
source = "registry+https://github.com/rust-lang/crates.io-index"
checksum = "bc07588c853b50689205fb5c00498aa681d89828e0ce8cbd965ebc7a5d8ae260"
dependencies = [
 "extension-traits",
 "lending-iterator-proc_macros",
 "macro_rules_attribute",
 "never-say-never",
 "nougat",
 "polonius-the-crab",
]

[[package]]
name = "lending-iterator-proc_macros"
version = "0.1.7"
source = "registry+https://github.com/rust-lang/crates.io-index"
checksum = "b5445dd1c0deb1e97b8a16561d17fc686ca83e8411128fb036e9668a72d51b1d"
dependencies = [
 "proc-macro2",
 "quote",
 "syn 1.0.109",
]

[[package]]
name = "libc"
version = "0.2.189"
source = "registry+https://github.com/rust-lang/crates.io-index"
checksum = "3eaf3ede3fee6db1a4c2ee091bf8a8b4dccdc6d17f656fb07896ee72867612f2"

[[package]]
name = "libfuzzer-sys"
version = "0.4.13"
source = "registry+https://github.com/rust-lang/crates.io-index"
checksum = "a9fd2f41a1cba099f79a0b6b6c35656cf7c03351a7bae8ff0f28f25270f929d2"
dependencies = [
 "arbitrary",
 "cc",
]

[[package]]
name = "log"
version = "0.4.33"
source = "registry+https://github.com/rust-lang/crates.io-index"
checksum = "0ceec5bc11778974d1bcb055b18002eba7f4b3518b6a0081b3af5f21666da9ad"

[[package]]
name = "macro_rules_attribute"
version = "0.1.3"
source = "registry+https://github.com/rust-lang/crates.io-index"
checksum = "cf0c9b980bf4f3a37fd7b1c066941dd1b1d0152ce6ee6e8fe8c49b9f6810d862"
dependencies = [
 "macro_rules_attribute-proc_macro",
 "paste",
]

[[package]]
name = "macro_rules_attribute-proc_macro"
version = "0.1.3"
source = "registry+https://github.com/rust-lang/crates.io-index"
checksum = "58093314a45e00c77d5c508f76e77c3396afbbc0d01506e7fae47b018bac2b1d"

[[package]]
name = "never-say-never"
version = "6.6.666"
source = "registry+https://github.com/rust-lang/crates.io-index"
checksum = "cf5a574dadd7941adeaa71823ecba5e28331b8313fb2e1c6a5c7e5981ea53ad6"

[[package]]
name = "nougat"
version = "0.2.4"
source = "registry+https://github.com/rust-lang/crates.io-index"
checksum = "97b57b9ced431322f054fc673f1d3c7fa52d80efd9df74ad2fc759f044742510"
dependencies = [
 "macro_rules_attribute",
 "nougat-proc_macros",
]

[[package]]
name = "nougat-proc_macros"
version = "0.2.4"
source = "registry+https://github.com/rust-lang/crates.io-index"
checksum = "c84f77a45e99a2f9b492695d99e1c23844619caa5f3e57647cffacad773ca257"
dependencies = [
 "proc-macro2",
 "quote",
 "syn 1.0.109",
]

[[package]]
name = "paste"
version = "1.0.15"
source = "registry+https://github.com/rust-lang/crates.io-index"
checksum = "57c0d7b74b563b49d38dae00a0c37d4d6de9b432382b2892f0574ddcae73fd0a"

[[package]]
name = "polonius-the-crab"
version = "0.2.1"
source = "registry+https://github.com/rust-lang/crates.io-index"
checksum = "c2a69ee997a6282f8462abf1e0d8c38c965e968799e912b3bed8c9e8a28c2f9f"

[[package]]
name = "portal-pc-waffle-entity"
version = "0.6.0-alpha.1"
dependencies = [
 "arena-traits",
 "serde",
]

[[package]]
name = "portal-pc-waffle-frontend"
version = "0.6.0-alpha.1"
dependencies = [
 "anyhow",
 "hashbrown 0.15.5",
 "log",
 "portal-pc-waffle-entity",
 "portal-pc-waffle-ir",
 "wasm-encoder",
 "wasmparser",
 "wax-core",
]

[[package]]
name = "portal-pc-waffle-ir"
version = "0.6.0-alpha.1"
dependencies = [
 "anyhow",
 "arena-traits",
 "either",
 "hashbrown 0.15.5",
 "impl-trait-for-tuples",
 "indexmap",
 "lending-iterator",
 "log",
 "paste",
 "portal-pc-waffle-entity",
 "serde",
 "sha3",
 "smallvec",
 "wasm-encoder",
 "wasmparser",
 "wax-meta",
]

[[package]]
name = "proc-macro2"
version = "1.0.107"
source = "registry+https://github.com/rust-lang/crates.io-index"
checksum = "985e7ec9bb745e6ce6535b544d84d6cd6f7ad8bd711c398938ae983b91a766d9"
dependencies = [
 "unicode-ident",
]

[[package]]
name = "quote"
version = "1.0.47"
source = "registry+https://github.com/rust-lang/crates.io-index"
checksum = "1fbf4db142a473a8d80c26bbf18454ed458bf8d26c8219c331daecfdbd079001"
dependencies = [
 "proc-macro2",
]

[[package]]
name = "r-efi"
version = "6.0.0"
source = "registry+https://github.com/rust-lang/crates.io-index"
checksum = "f8dcc9c7d52a811697d2151c701e0d08956f92b0e24136cf4cf27b57a6a0d9bf"

[[package]]
name = "rustc-std-workspace-alloc"
version = "1.0.1"
source = "registry+https://github.com/rust-lang/crates.io-index"
checksum = "f9d441c3b2ebf55cebf796bfdc265d67fa09db17b7bb6bd4be75c509e1e8fec3"

[[package]]
name = "serde"
version = "1.0.229"
source = "registry+https://github.com/rust-lang/crates.io-index"
checksum = "4148590afebada386688f18773da617792bf2ef03ffc1e4cbd2b1d45b023e0ba"
dependencies = [
 "serde_core",
 "serde_derive",
]

[[package]]
name = "serde_core"
version = "1.0.229"
source = "registry+https://github.com/rust-lang/crates.io-index"
checksum = "67dca2c9c51e58a4791a4b1ed58308b39c64224d349a935ab5039aa360942a48"
dependencies = [
 "serde_derive",
]

[[package]]
name = "serde_derive"
version = "1.0.229"
source = "registry+https://github.com/rust-lang/crates.io-index"
checksum = "e7a5d71263a5a7d47b41f6b3f06ba276f10cc18b0931f1799f710578e2309348"
dependencies = [
 "proc-macro2",
 "quote",
 "syn 3.0.3",
]

[[package]]
name = "sha3"
version = "0.10.9"
source = "registry+https://github.com/rust-lang/crates.io-index"
checksum = "77fd7028345d415a4034cf8777cd4f8ab1851274233b45f84e3d955502d93874"
dependencies = [
 "digest",
 "keccak",
]

[[package]]
name = "shlex"
version = "2.0.1"
source = "registry+https://github.com/rust-lang/crates.io-index"
checksum = "f8fadd59c855ef2080decdef8ff161eb6661b86933c9d82e5ba29dc602a55aba"

[[package]]
name = "smallvec"
version = "1.15.2"
source = "registry+https://github.com/rust-lang/crates.io-index"
checksum = "8ed6a63f02c8539c91a8685a86f4099661ba3da017932f6ebbea6de3f0fa7c90"

[[package]]
name = "syn"
version = "1.0.109"
source = "registry+https://github.com/rust-lang/crates.io-index"
checksum = "72b64191b275b66ffe2469e8af2c1cfe3bafa67b529ead792a6d0160888b4237"
dependencies = [
 "proc-macro2",
 "quote",
 "unicode-ident",
]

[[package]]
name = "syn"
version = "2.0.119"
source = "registry+https://github.com/rust-lang/crates.io-index"
checksum = "872831b642d1a07999a962a351ed35b955ea2cfc8f3862091e2a240a84f17297"
dependencies = [
 "proc-macro2",
 "quote",
 "unicode-ident",
]

[[package]]
name = "syn"
version = "3.0.3"
source = "registry+https://github.com/rust-lang/crates.io-index"
checksum = "53e9bae58849f64dfa4f5d5ae372c8341f7305f82a3868709269343628b659a3"
dependencies = [
 "proc-macro2",
 "quote",
 "unicode-ident",
]

[[package]]
name = "typenum"
version = "1.20.1"
source = "registry+https://github.com/rust-lang/crates.io-index"
checksum = "b6f5e870be6c3b371b77fe0ee0bafb859fa4964b4404c27de1d380043c4dda20"

[[package]]
name = "unicode-ident"
version = "1.0.24"
source = "registry+https://github.com/rust-lang/crates.io-index"
checksum = "e6e4313cd5fcd3dad5cafa179702e2b244f760991f45397d14d4ebf38247da75"

[[package]]
name = "vaffle"
version = "0.1.0"
dependencies = [
 "volar-ir-common",
]

[[package]]
name = "version_check"
version = "0.9.5"
source = "registry+https://github.com/rust-lang/crates.io-index"
checksum = "0b928f33d975fc6ad9f86c8f283853ad26bdd5b10b7f1542aa2fa15e2289105a"

[[package]]
name = "volar-fuzz"
version = "0.1.0"
dependencies = [
 "arbitrary",
 "vaffle",
 "volar-ir",
 "volar-ir-common",
 "volar-ir-opt",
 "volar-ir-passes",
 "volar-ir-virt",
 "volar-vaffle-target",
]

[[package]]
name = "volar-ir"
version = "0.1.0"
dependencies = [
 "volar-ir-common",
 "volar-lir",
 "volar-provenance",
 "volar-side",
]

[[package]]
name = "volar-ir-common"
version = "0.1.0"
dependencies = [
 "volar-side",
]

[[package]]
name = "volar-ir-config"
version = "0.1.0"

[[package]]
name = "volar-ir-fuzz-targets"
version = "0.1.0"
dependencies = [
 "libfuzzer-sys",
 "volar-fuzz",
 "volar-ir-opt",
 "volar-ir-passes",
 "volar-ir-virt",
 "volar-vaffle-target",
]

[[package]]
name = "volar-ir-opt"
version = "0.1.0"
dependencies = [
 "vaffle",
 "volar-ir",
 "volar-ir-common",
 "volar-provenance",
]

[[package]]
name = "volar-ir-passes"
version = "0.1.0"
dependencies = [
 "volar-ir",
 "volar-ir-common",
 "volar-ir-config",
 "volar-lir",
 "volar-provenance",
]

[[package]]
name = "volar-ir-virt"
version = "0.1.0"
dependencies = [
 "volar-ir",
 "volar-ir-common",
 "volar-ir-passes",
 "volar-lir",
 "volar-provenance",
]

[[package]]
name = "volar-lir"
version = "0.1.0"
dependencies = [
 "volar-ir-common",
 "volar-side",
]

[[package]]
name = "volar-provenance"
version = "0.1.0"

[[package]]
name = "volar-side"
version = "0.1.0"

[[package]]
name = "volar-vaffle-target"
version = "0.1.0"
dependencies = [
 "portal-pc-waffle-frontend",
 "portal-pc-waffle-ir",
 "vaffle",
 "volar-ir",
 "volar-ir-common",
 "volar-lir",
 "volar-side",
 "wax-meta",
]

[[package]]
name = "wasm-encoder"
version = "0.240.0"
source = "registry+https://github.com/rust-lang/crates.io-index"
checksum = "06d642d8c5ecc083aafe9ceb32809276a304547a3a6eeecceb5d8152598bc71f"
dependencies = [
 "leb128fmt",
 "wasmparser",
]

[[package]]
name = "wasmparser"
version = "0.240.0"
source = "registry+https://github.com/rust-lang/crates.io-index"
checksum = "b722dcf61e0ea47440b53ff83ccb5df8efec57a69d150e4f24882e4eba7e24a4"
dependencies = [
 "bitflags",
]

[[package]]
name = "wax-core"
version = "0.1.0"
dependencies = [
 "impl-trait-for-tuples",
 "wasm-encoder",
 "wasmparser",
]

[[package]]
name = "wax-meta"
version = "0.1.0"
dependencies = [
 "sha3",
]

[[patch.unused]]
name = "portal-solutions-swibb"
version = "0.6.0-alpha.1"

[[patch.unused]]
name = "dreamcomp-ir-plugin-host"
version = "0.1.0"

[[patch.unused]]
name = "dreamcomp-plugin-common"
version = "0.1.0"

[[patch.unused]]
name = "dreamcompiler-arena"
version = "0.1.0"

[[patch.unused]]
name = "dreamcompiler-codegen"
version = "0.1.0"

[[patch.unused]]
name = "dreamcompiler-core"
version = "0.1.0"

[[patch.unused]]
name = "dreamcompiler-cps"
version = "0.1.0"

[[patch.unused]]
name = "dreamcompiler-cps-c-backend"
version = "0.1.0"

[[patch.unused]]
name = "dreamcompiler-e2e-tests"
version = "0.1.0"

[[patch.unused]]
name = "dreamcompiler-edu"
version = "0.1.0"

[[patch.unused]]
name = "dreamcompiler-fast-ir"
version = "0.1.0"

[[patch.unused]]
name = "dreamcompiler-lower"
version = "0.1.0"

[[patch.unused]]
name = "dreamcompiler-mini-target"
version = "0.1.0"

[[patch.unused]]
name = "dreamcompiler-minibc"
version = "0.1.0"

[[patch.unused]]
name = "dreamcompiler-minibc-c-interp"
version = "0.1.0"

[[patch.unused]]
name = "dreamcompiler-minibc-interp"
version = "0.1.0"

[[patch.unused]]
name = "pit-core"
version = "0.5.0-alpha.1"

[[patch.unused]]
name = "portal-jsc-common"
version = "0.8.0-pre.11"

[[patch.unused]]
name = "portal-jsc-generator"
version = "0.8.0-pre.10"

[[patch.unused]]
name = "portal-jsc-simpl-js"
version = "0.8.0-pre.11"

[[patch.unused]]
name = "portal-jsc-swc-cfg"
version = "0.8.0-pre.11"

[[patch.unused]]
name = "portal-jsc-swc-ll-common"
version = "0.8.0-pre.11"

[[patch.unused]]
name = "portal-jsc-swc-opt-ssa"
version = "0.8.0-pre.11"

[[patch.unused]]
name = "portal-jsc-swc-ssa"
version = "0.8.0-pre.11"

[[patch.unused]]
name = "portal-jsc-swc-tac"
version = "0.8.0-pre.11"

[[patch.unused]]
name = "portal-jsc-swc-util"
version = "0.8.0-pre.11"

[[patch.unused]]
name = "ephemera"
version = "0.1.0"

[[patch.unused]]
name = "vaffle"
version = "0.1.0"

[[patch.unused]]
name = "volar-c-backend"
version = "0.1.0"

[[patch.unused]]
name = "volar-common"
version = "0.1.0"

[[patch.unused]]
name = "volar-compiler"
version = "0.1.0"

[[patch.unused]]
name = "volar-compiler-common"
version = "0.1.0"

[[patch.unused]]
name = "volar-compiler-passes"
version = "0.1.0"

[[patch.unused]]
name = "volar-dyn"
version = "0.1.0"

[[patch.unused]]
name = "volar-ir"
version = "0.1.0"

[[patch.unused]]
name = "volar-ir-common"
version = "0.1.0"

[[patch.unused]]
name = "volar-ir-lir-target"
version = "0.1.0"

[[patch.unused]]
name = "volar-ir-passes"
version = "0.1.0"

[[patch.unused]]
name = "volar-lir"
version = "0.1.0"

[[patch.unused]]
name = "volar-lir-codegen"
version = "0.1.0"

[[patch.unused]]
name = "volar-primitives"
version = "0.1.0"

[[patch.unused]]
name = "volar-provenance"
version = "0.1.0"

[[patch.unused]]
name = "volar-spec"
version = "0.1.0"

[[patch.unused]]
name = "volar-spec-dyn"
version = "0.1.0"

[[patch.unused]]
name = "volar-vaffle-target"
version = "0.1.0"

[[patch.unused]]
name = "volar-weaver"
version = "0.1.0"

[[patch.unused]]
name = "ast-traits"
version = "0.1.0"

[[patch.unused]]
name = "cfg-traits"
version = "0.2.3"

[[patch.unused]]
name = "register-machine-traits"
version = "0.2.3"

[[patch.unused]]
name = "sift-trait"
version = "0.2.3"

[[patch.unused]]
name = "siftify"
version = "0.1.0"

[[patch.unused]]
name = "ssa-canon"
version = "0.2.3"

[[patch.unused]]
name = "ssa-cc"
version = "0.2.3"

[[patch.unused]]
name = "ssa-impls"
version = "0.2.3"

[[patch.unused]]
name = "ssa-pliron-compat"
version = "0.1.0"

[[patch.unused]]
name = "ssa-reloop"
version = "0.2.3"

[[patch.unused]]
name = "ssa-reloop2"
version = "0.2.3"

[[patch.unused]]
name = "ssa-rust"
version = "0.2.3"

[[patch.unused]]
name = "ssa-trace"
version = "0.1.0"

[[patch.unused]]
name = "ssa-traits"
version = "0.2.3"

[[patch.unused]]
name = "ssa-translation"
version = "0.2.3"

[[patch.unused]]
name = "tac-traits"
version = "0.2.3"

[[patch.unused]]
name = "type-onion"
version = "0.2.3"

[[patch.unused]]
name = "px-wsdom"
version = "0.0.6"

[[patch.unused]]
name = "px-wsdom-axum"
version = "0.0.6"

[[patch.unused]]
name = "px-wsdom-core"
version = "0.0.6"

[[patch.unused]]
name = "px-wsdom-dom"
version = "0.0.6"

[[patch.unused]]
name = "px-wsdom-javascript"
version = "0.0.6"

[[patch.unused]]
name = "px-wsdom-macros"
version = "0.0.6"

[[patch.unused]]
name = "px-wsdom-macros-decl"
version = "0.0.6"

[[patch.unused]]
name = "portal-pc-waffle"
version = "0.6.0-alpha.1"

[[patch.unused]]
name = "portal-pc-waffle-backend"
version = "0.6.0-alpha.1"

[[patch.unused]]
name = "portal-pc-waffle-copying"
version = "0.6.0-alpha.1"

[[patch.unused]]
name = "portal-pc-waffle-copying-passes"
version = "0.6.0-alpha.1"

[[patch.unused]]
name = "portal-pc-waffle-fuzzing"
version = "0.6.0-alpha.1"

[[patch.unused]]
name = "portal-pc-waffle-hooking"
version = "0.6.0-alpha.1"

[[patch.unused]]
name = "portal-pc-waffle-lowering"
version = "0.6.0-alpha.1"

[[patch.unused]]
name = "portal-pc-waffle-passes"
version = "0.6.0-alpha.1"

[[patch.unused]]
name = "portal-pc-waffle-passes-shared"
version = "0.6.0-alpha.1"

[[patch.unused]]
name = "portal-solutions-sdk"
version = "0.0.2"

[[patch.unused]]
name = "portal-solutions-asm-aarch64"
version = "0.1.0"

[[patch.unused]]
name = "portal-solutions-asm-jvm"
version = "0.1.0"

[[patch.unused]]
name = "portal-solutions-asm-regalloc"
version = "0.1.0"

[[patch.unused]]
name = "portal-solutions-asm-riscv64"
version = "0.1.0"

[[patch.unused]]
name = "portal-solutions-asm-semantics"
version = "0.1.0"

[[patch.unused]]
name = "portal-solutions-asm-x86-64"
version = "0.1.0"

[[patch.unused]]
name = "portal-solutions-asm-x86-64-shim"
version = "0.1.0"

[[patch.unused]]
name = "rv-asm"
version = "0.2.1"

[[patch.unused]]
name = "pit-gen"
version = "0.1.0"

[[patch.unused]]
name = "pit-lang-generic"
version = "0.1.0"

[[patch.unused]]
name = "pit-rust-generic"
version = "0.1.0"

[[patch.unused]]
name = "wax-tags"
version = "0.1.0"

[[patch.unused]]
name = "os-abi-codegen"
version = "0.1.0"

[[patch.unused]]
name = "os-abi-spec"
version = "0.1.0"

[[patch.unused]]
name = "os-abi-stubs"
version = "0.1.0"

[[patch.unused]]
name = "os-async"
version = "0.1.0"

[[patch.unused]]
name = "os-build"
version = "0.1.0"

[[patch.unused]]
name = "os-codesign-macho"
version = "0.1.0"

[[patch.unused]]
name = "os-ctx"
version = "0.1.0"

[[patch.unused]]
name = "os-daemon"
version = "0.1.0"

[[patch.unused]]
name = "os-daemon-hook"
version = "0.1.0"

[[patch.unused]]
name = "os-daemon-protocol"
version = "0.1.0"

[[patch.unused]]
name = "os-darwin-wasi"
version = "0.1.0"

[[patch.unused]]
name = "os-host-api"
version = "0.1.0"

[[patch.unused]]
name = "os-linux-wasi"
version = "0.1.0"

[[patch.unused]]
name = "os-page"
version = "0.1.0"

[[patch.unused]]
name = "os-page-codegen"
version = "0.1.0"

[[patch.unused]]
name = "os-rewrite-elf"
version = "0.1.0"

[[patch.unused]]
name = "os-rewrite-macho"
version = "0.1.0"

[[patch.unused]]
name = "os-syscall-emit"
version = "0.1.0"

[[patch.unused]]
name = "os-target-core"
version = "0.1.0"

[[patch.unused]]
name = "os-target-native"
version = "0.1.0"

[[patch.unused]]
name = "os-target-wax"
version = "0.1.0"

[[patch.unused]]
name = "os-transform-core"
version = "0.1.0"

[[patch.unused]]
name = "os-unix-emulation"
version = "0.1.0"

[[patch.unused]]
name = "os-unix-wasi"
version = "0.1.0"

[[patch.unused]]
name = "portal-pc-asm-common"
version = "0.1.1"

[[patch.unused]]
name = "portal-lazy-transform"
version = "0.1.0"

[[patch.unused]]
name = "portal-progress"
version = "0.1.0"

[[patch.unused]]
name = "portal-progress-core"
version = "0.1.0"

[[patch.unused]]
name = "portal-progress-lazy-transform"
version = "0.1.0"

[[patch.unused]]
name = "portal-progress-protocol"
version = "0.1.0"

[[patch.unused]]
name = "portal-progress-tui"
version = "0.1.0"

[[patch.unused]]
name = "portal-progress-web"
version = "0.1.0"
